// !$*UTF8*$!
{
	archiveVersion = 1;
	classes = {
	};
	objectVersion = 56;
	objects = {

/* Begin PBXBuildFile section */
		49E39DAC28EC5E2A00C4C86C /* AppDelegate.swift in Sources */ = {isa = PBXBuildFile; fileRef = 49E39DAB28EC5E2A00C4C86C /* AppDelegate.swift */; };
		49E39DAE28EC5E2A00C4C86C /* SceneDelegate.swift in Sources */ = {isa = PBXBuildFile; fileRef = 49E39DAD28EC5E2A00C4C86C /* SceneDelegate.swift */; };
		49E39DB528EC5E2B00C4C86C /* Assets.xcassets in Resources */ = {isa = PBXBuildFile; fileRef = 49E39DB428EC5E2B00C4C86C /* Assets.xcassets */; };
		49E39DB828EC5E2B00C4C86C /* LaunchScreen.storyboard in Resources */ = {isa = PBXBuildFile; fileRef = 49E39DB628EC5E2B00C4C86C /* LaunchScreen.storyboard */; };
		49E39DC228EC5E5C00C4C86C /* HomePageVC.swift in Sources */ = {isa = PBXBuildFile; fileRef = 49E39DC128EC5E5C00C4C86C /* HomePageVC.swift */; };
		49E39DC528EC5E7C00C4C86C /* FPLabel.swift in Sources */ = {isa = PBXBuildFile; fileRef = 49E39DC428EC5E7C00C4C86C /* FPLabel.swift */; };
		49E39DC728EC5EF200C4C86C /* FPButton.swift in Sources */ = {isa = PBXBuildFile; fileRef = 49E39DC628EC5EF200C4C86C /* FPButton.swift */; };
		49E39DC928EC726000C4C86C /* RandomProfileVC.swift in Sources */ = {isa = PBXBuildFile; fileRef = 49E39DC828EC726000C4C86C /* RandomProfileVC.swift */; };
		49E39DCB28EC731100C4C86C /* FakeProfile.swift in Sources */ = {isa = PBXBuildFile; fileRef = 49E39DCA28EC731100C4C86C /* FakeProfile.swift */; };
		49E39DCF28EC752800C4C86C /* NetworkManager.swift in Sources */ = {isa = PBXBuildFile; fileRef = 49E39DCE28EC752800C4C86C /* NetworkManager.swift */; };
		49E39DD228EC76BC00C4C86C /* FPError.swift in Sources */ = {isa = PBXBuildFile; fileRef = 49E39DD128EC76BC00C4C86C /* FPError.swift */; };
		49E39DD428EC81BE00C4C86C /* FPImageView.swift in Sources */ = {isa = PBXBuildFile; fileRef = 49E39DD328EC81BE00C4C86C /* FPImageView.swift */; };
		49E39DD628ECA4FD00C4C86C /* FavoritesVC.swift in Sources */ = {isa = PBXBuildFile; fileRef = 49E39DD528ECA4FD00C4C86C /* FavoritesVC.swift */; };
		49E39DD928ECB1AD00C4C86C /* FavoriteProfile.xcdatamodeld in Sources */ = {isa = PBXBuildFile; fileRef = 49E39DD728ECB1AD00C4C86C /* FavoriteProfile.xcdatamodeld */; };
/* End PBXBuildFile section */

/* Begin PBXFileReference section */
		49E39DA828EC5E2A00C4C86C /* FakeProfile.app */ = {isa = PBXFileReference; explicitFileType = wrapper.application; includeInIndex = 0; path = FakeProfile.app; sourceTree = BUILT_PRODUCTS_DIR; };
		49E39DAB28EC5E2A00C4C86C /* AppDelegate.swift */ = {isa = PBXFileReference; lastKnownFileType = sourcecode.swift; path = AppDelegate.swift; sourceTree = "<group>"; };
		49E39DAD28EC5E2A00C4C86C /* SceneDelegate.swift */ = {isa = PBXFileReference; lastKnownFileType = sourcecode.swift; path = SceneDelegate.swift; sourceTree = "<group>"; };
		49E39DB428EC5E2B00C4C86C /* Assets.xcassets */ = {isa = PBXFileReference; lastKnownFileType = folder.assetcatalog; path = Assets.xcassets; sourceTree = "<group>"; };
		49E39DB728EC5E2B00C4C86C /* Base */ = {isa = PBXFileReference; lastKnownFileType = file.storyboard; name = Base; path = Base.lproj/LaunchScreen.storyboard; sourceTree = "<group>"; };
		49E39DB928EC5E2B00C4C86C /* Info.plist */ = {isa = PBXFileReference; lastKnownFileType = text.plist.xml; path = Info.plist; sourceTree = "<group>"; };
		49E39DC128EC5E5C00C4C86C /* HomePageVC.swift */ = {isa = PBXFileReference; lastKnownFileType = sourcecode.swift; path = HomePageVC.swift; sourceTree = "<group>"; };
		49E39DC428EC5E7C00C4C86C /* FPLabel.swift */ = {isa = PBXFileReference; lastKnownFileType = sourcecode.swift; path = FPLabel.swift; sourceTree = "<group>"; };
		49E39DC628EC5EF200C4C86C /* FPButton.swift */ = {isa = PBXFileReference; lastKnownFileType = sourcecode.swift; path = FPButton.swift; sourceTree = "<group>"; };
		49E39DC828EC726000C4C86C /* RandomProfileVC.swift */ = {isa = PBXFileReference; lastKnownFileType = sourcecode.swift; path = RandomProfileVC.swift; sourceTree = "<group>"; };
		49E39DCA28EC731100C4C86C /* FakeProfile.swift */ = {isa = PBXFileReference; lastKnownFileType = sourcecode.swift; path = FakeProfile.swift; sourceTree = "<group>"; };
		49E39DCE28EC752800C4C86C /* NetworkManager.swift */ = {isa = PBXFileReference; lastKnownFileType = sourcecode.swift; path = NetworkManager.swift; sourceTree = "<group>"; };
		49E39DD128EC76BC00C4C86C /* FPError.swift */ = {isa = PBXFileReference; lastKnownFileType = sourcecode.swift; path = FPError.swift; sourceTree = "<group>"; };
		49E39DD328EC81BE00C4C86C /* FPImageView.swift */ = {isa = PBXFileReference; lastKnownFileType = sourcecode.swift; path = FPImageView.swift; sourceTree = "<group>"; };
		49E39DD528ECA4FD00C4C86C /* FavoritesVC.swift */ = {isa = PBXFileReference; lastKnownFileType = sourcecode.swift; path = FavoritesVC.swift; sourceTree = "<group>"; };
		49E39DD828ECB1AD00C4C86C /* FavoriteProfile.xcdatamodel */ = {isa = PBXFileReference; lastKnownFileType = wrapper.xcdatamodel; path = FavoriteProfile.xcdatamodel; sourceTree = "<group>"; };
/* End PBXFileReference section */

/* Begin PBXFrameworksBuildPhase section */
		49E39DA528EC5E2A00C4C86C /* Frameworks */ = {
			isa = PBXFrameworksBuildPhase;
			buildActionMask = 2147483647;
			files = (
			);
			runOnlyForDeploymentPostprocessing = 0;
		};
/* End PBXFrameworksBuildPhase section */

/* Begin PBXGroup section */
		49E39D9F28EC5E2A00C4C86C = {
			isa = PBXGroup;
			children = (
				49E39DAA28EC5E2A00C4C86C /* FakeProfile */,
				49E39DA928EC5E2A00C4C86C /* Products */,
			);
			sourceTree = "<group>";
		};
		49E39DA928EC5E2A00C4C86C /* Products */ = {
			isa = PBXGroup;
			children = (
				49E39DA828EC5E2A00C4C86C /* FakeProfile.app */,
			);
			name = Products;
			sourceTree = "<group>";
		};
		49E39DAA28EC5E2A00C4C86C /* FakeProfile */ = {
			isa = PBXGroup;
			children = (
				49E39DBF28EC5E3500C4C86C /* Supporting Files */,
				49E39DD028EC76B100C4C86C /* Constants */,
				49E39DCD28EC751B00C4C86C /* Managers */,
				49E39DCC28EC731900C4C86C /* Model */,
				49E39DC328EC5E6F00C4C86C /* Views */,
				49E39DC028EC5E5400C4C86C /* Controller */,
			);
			path = FakeProfile;
			sourceTree = "<group>";
		};
		49E39DBF28EC5E3500C4C86C /* Supporting Files */ = {
			isa = PBXGroup;
			children = (
				49E39DAB28EC5E2A00C4C86C /* AppDelegate.swift */,
				49E39DAD28EC5E2A00C4C86C /* SceneDelegate.swift */,
				49E39DB428EC5E2B00C4C86C /* Assets.xcassets */,
				49E39DB628EC5E2B00C4C86C /* LaunchScreen.storyboard */,
				49E39DB928EC5E2B00C4C86C /* Info.plist */,
			);
			path = "Supporting Files";
			sourceTree = "<group>";
		};
		49E39DC028EC5E5400C4C86C /* Controller */ = {
			isa = PBXGroup;
			children = (
				49E39DC128EC5E5C00C4C86C /* HomePageVC.swift */,
				49E39DC828EC726000C4C86C /* RandomProfileVC.swift */,
				49E39DD528ECA4FD00C4C86C /* FavoritesVC.swift */,
			);
			path = Controller;
			sourceTree = "<group>";
		};
		49E39DC328EC5E6F00C4C86C /* Views */ = {
			isa = PBXGroup;
			children = (
				49E39DDA28ECB3CF00C4C86C /* Label */,
				49E39DDB28ECB3D400C4C86C /* Button */,
				49E39DDC28ECB3DA00C4C86C /* ImageView */,
			);
			path = Views;
			sourceTree = "<group>";
		};
		49E39DCC28EC731900C4C86C /* Model */ = {
			isa = PBXGroup;
			children = (
				49E39DCA28EC731100C4C86C /* FakeProfile.swift */,
				49E39DD728ECB1AD00C4C86C /* FavoriteProfile.xcdatamodeld */,
			);
			path = Model;
			sourceTree = "<group>";
		};
		49E39DCD28EC751B00C4C86C /* Managers */ = {
			isa = PBXGroup;
			children = (
				49E39DCE28EC752800C4C86C /* NetworkManager.swift */,
			);
			path = Managers;
			sourceTree = "<group>";
		};
		49E39DD028EC76B100C4C86C /* Constants */ = {
			isa = PBXGroup;
			children = (
				49E39DD128EC76BC00C4C86C /* FPError.swift */,
			);
			path = Constants;
			sourceTree = "<group>";
		};
		49E39DDA28ECB3CF00C4C86C /* Label */ = {
			isa = PBXGroup;
			children = (
				49E39DC428EC5E7C00C4C86C /* FPLabel.swift */,
			);
			path = Label;
			sourceTree = "<group>";
		};
		49E39DDB28ECB3D400C4C86C /* Button */ = {
			isa = PBXGroup;
			children = (
				49E39DC628EC5EF200C4C86C /* FPButton.swift */,
			);
			path = Button;
			sourceTree = "<group>";
		};
		49E39DDC28ECB3DA00C4C86C /* ImageView */ = {
			isa = PBXGroup;
			children = (
				49E39DD328EC81BE00C4C86C /* FPImageView.swift */,
			);
			path = ImageView;
			sourceTree = "<group>";
		};
/* End PBXGroup section */

/* Begin PBXNativeTarget section */
		49E39DA728EC5E2A00C4C86C /* FakeProfile */ = {
			isa = PBXNativeTarget;
			buildConfigurationList = 49E39DBC28EC5E2B00C4C86C /* Build configuration list for PBXNativeTarget "FakeProfile" */;
			buildPhases = (
				49E39DA428EC5E2A00C4C86C /* Sources */,
				49E39DA528EC5E2A00C4C86C /* Frameworks */,
				49E39DA628EC5E2A00C4C86C /* Resources */,
			);
			buildRules = (
			);
			dependencies = (
			);
			name = FakeProfile;
			productName = FakeProfile;
			productReference = 49E39DA828EC5E2A00C4C86C /* FakeProfile.app */;
			productType = "com.apple.product-type.application";
		};
/* End PBXNativeTarget section */

/* Begin PBXProject section */
		49E39DA028EC5E2A00C4C86C /* Project object */ = {
			isa = PBXProject;
			attributes = {
				BuildIndependentTargetsInParallel = 1;
				LastSwiftUpdateCheck = 1400;
				LastUpgradeCheck = 1400;
				TargetAttributes = {
					49E39DA728EC5E2A00C4C86C = {
						CreatedOnToolsVersion = 14.0;
					};
				};
			};
			buildConfigurationList = 49E39DA328EC5E2A00C4C86C /* Build configuration list for PBXProject "FakeProfile" */;
			compatibilityVersion = "Xcode 14.0";
			developmentRegion = en;
			hasScannedForEncodings = 0;
			knownRegions = (
				en,
				Base,
			);
			mainGroup = 49E39D9F28EC5E2A00C4C86C;
			productRefGroup = 49E39DA928EC5E2A00C4C86C /* Products */;
			projectDirPath = "";
			projectRoot = "";
			targets = (
				49E39DA728EC5E2A00C4C86C /* FakeProfile */,
			);
		};
/* End PBXProject section */

/* Begin PBXResourcesBuildPhase section */
		49E39DA628EC5E2A00C4C86C /* Resources */ = {
			isa = PBXResourcesBuildPhase;
			buildActionMask = 2147483647;
			files = (
				49E39DB828EC5E2B00C4C86C /* LaunchScreen.storyboard in Resources */,
				49E39DB528EC5E2B00C4C86C /* Assets.xcassets in Resources */,
			);
			runOnlyForDeploymentPostprocessing = 0;
		};
/* End PBXResourcesBuildPhase section */

/* Begin PBXSourcesBuildPhase section */
		49E39DA428EC5E2A00C4C86C /* Sources */ = {
			isa = PBXSourcesBuildPhase;
			buildActionMask = 2147483647;
			files = (
				49E39DD628ECA4FD00C4C86C /* FavoritesVC.swift in Sources */,
				49E39DD428EC81BE00C4C86C /* FPImageView.swift in Sources */,
				49E39DAC28EC5E2A00C4C86C /* AppDelegate.swift in Sources */,
				49E39DC928EC726000C4C86C /* RandomProfileVC.swift in Sources */,
				49E39DD228EC76BC00C4C86C /* FPError.swift in Sources */,
				49E39DD928ECB1AD00C4C86C /* FavoriteProfile.xcdatamodeld in Sources */,
				49E39DAE28EC5E2A00C4C86C /* SceneDelegate.swift in Sources */,
				49E39DC728EC5EF200C4C86C /* FPButton.swift in Sources */,
				49E39DCF28EC752800C4C86C /* NetworkManager.swift in Sources */,
				49E39DC528EC5E7C00C4C86C /* FPLabel.swift in Sources */,
				49E39DCB28EC731100C4C86C /* FakeProfile.swift in Sources */,
				49E39DC228EC5E5C00C4C86C /* HomePageVC.swift in Sources */,
			);
			runOnlyForDeploymentPostprocessing = 0;
		};
/* End PBXSourcesBuildPhase section */

/* Begin PBXVariantGroup section */
		49E39DB628EC5E2B00C4C86C /* LaunchScreen.storyboard */ = {
			isa = PBXVariantGroup;
			children = (
				49E39DB728EC5E2B00C4C86C /* Base */,
			);
			name = LaunchScreen.storyboard;
			sourceTree = "<group>";
		};
/* End PBXVariantGroup section */

/* Begin XCBuildConfiguration section */
		49E39DBA28EC5E2B00C4C86C /* Debug */ = {
			isa = XCBuildConfiguration;
			buildSettings = {
				ALWAYS_SEARCH_USER_PATHS = NO;
				CLANG_ANALYZER_NONNULL = YES;
				CLANG_ANALYZER_NUMBER_OBJECT_CONVERSION = YES_AGGRESSIVE;
				CLANG_CXX_LANGUAGE_STANDARD = "gnu++20";
				CLANG_ENABLE_MODULES = YES;
				CLANG_ENABLE_OBJC_ARC = YES;
				CLANG_ENABLE_OBJC_WEAK = YES;
				CLANG_WARN_BLOCK_CAPTURE_AUTORELEASING = YES;
				CLANG_WARN_BOOL_CONVERSION = YES;
				CLANG_WARN_COMMA = YES;
				CLANG_WARN_CONSTANT_CONVERSION = YES;
				CLANG_WARN_DEPRECATED_OBJC_IMPLEMENTATIONS = YES;
				CLANG_WARN_DIRECT_OBJC_ISA_USAGE = YES_ERROR;
				CLANG_WARN_DOCUMENTATION_COMMENTS = YES;
				CLANG_WARN_EMPTY_BODY = YES;
				CLANG_WARN_ENUM_CONVERSION = YES;
				CLANG_WARN_INFINITE_RECURSION = YES;
				CLANG_WARN_INT_CONVERSION = YES;
				CLANG_WARN_NON_LITERAL_NULL_CONVERSION = YES;
				CLANG_WARN_OBJC_IMPLICIT_RETAIN_SELF = YES;
				CLANG_WARN_OBJC_LITERAL_CONVERSION = YES;
				CLANG_WARN_OBJC_ROOT_CLASS = YES_ERROR;
				CLANG_WARN_QUOTED_INCLUDE_IN_FRAMEWORK_HEADER = YES;
				CLANG_WARN_RANGE_LOOP_ANALYSIS = YES;
				CLANG_WARN_STRICT_PROTOTYPES = YES;
				CLANG_WARN_SUSPICIOUS_MOVE = YES;
				CLANG_WARN_UNGUARDED_AVAILABILITY = YES_AGGRESSIVE;
				CLANG_WARN_UNREACHABLE_CODE = YES;
				CLANG_WARN__DUPLICATE_METHOD_MATCH = YES;
				COPY_PHASE_STRIP = NO;
				DEBUG_INFORMATION_FORMAT = dwarf;
				ENABLE_STRICT_OBJC_MSGSEND = YES;
				ENABLE_TESTABILITY = YES;
				GCC_C_LANGUAGE_STANDARD = gnu11;
				GCC_DYNAMIC_NO_PIC = NO;
				GCC_NO_COMMON_BLOCKS = YES;
				GCC_OPTIMIZATION_LEVEL = 0;
				GCC_PREPROCESSOR_DEFINITIONS = (
					"DEBUG=1",
					"$(inherited)",
				);
				GCC_WARN_64_TO_32_BIT_CONVERSION = YES;
				GCC_WARN_ABOUT_RETURN_TYPE = YES_ERROR;
				GCC_WARN_UNDECLARED_SELECTOR = YES;
				GCC_WARN_UNINITIALIZED_AUTOS = YES_AGGRESSIVE;
				GCC_WARN_UNUSED_FUNCTION = YES;
				GCC_WARN_UNUSED_VARIABLE = YES;
				IPHONEOS_DEPLOYMENT_TARGET = 16.0;
				MTL_ENABLE_DEBUG_INFO = INCLUDE_SOURCE;
				MTL_FAST_MATH = YES;
				ONLY_ACTIVE_ARCH = YES;
				SDKROOT = iphoneos;
				SWIFT_ACTIVE_COMPILATION_CONDITIONS = DEBUG;
				SWIFT_OPTIMIZATION_LEVEL = "-Onone";
			};
			name = Debug;
		};
		49E39DBB28EC5E2B00C4C86C /* Release */ = {
			isa = XCBuildConfiguration;
			buildSettings = {
				ALWAYS_SEARCH_USER_PATHS = NO;
				CLANG_ANALYZER_NONNULL = YES;
				CLANG_ANALYZER_NUMBER_OBJECT_CONVERSION = YES_AGGRESSIVE;
				CLANG_CXX_LANGUAGE_STANDARD = "gnu++20";
				CLANG_ENABLE_MODULES = YES;
				CLANG_ENABLE_OBJC_ARC = YES;
				CLANG_ENABLE_OBJC_WEAK = YES;
				CLANG_WARN_BLOCK_CAPTURE_AUTORELEASING = YES;
				CLANG_WARN_BOOL_CONVERSION = YES;
				CLANG_WARN_COMMA = YES;
				CLANG_WARN_CONSTANT_CONVERSION = YES;
				CLANG_WARN_DEPRECATED_OBJC_IMPLEMENTATIONS = YES;
				CLANG_WARN_DIRECT_OBJC_ISA_USAGE = YES_ERROR;
				CLANG_WARN_DOCUMENTATION_COMMENTS = YES;
				CLANG_WARN_EMPTY_BODY = YES;
				CLANG_WARN_ENUM_CONVERSION = YES;
				CLANG_WARN_INFINITE_RECURSION = YES;
				CLANG_WARN_INT_CONVERSION = YES;
				CLANG_WARN_NON_LITERAL_NULL_CONVERSION = YES;
				CLANG_WARN_OBJC_IMPLICIT_RETAIN_SELF = YES;
				CLANG_WARN_OBJC_LITERAL_CONVERSION = YES;
				CLANG_WARN_OBJC_ROOT_CLASS = YES_ERROR;
				CLANG_WARN_QUOTED_INCLUDE_IN_FRAMEWORK_HEADER = YES;
				CLANG_WARN_RANGE_LOOP_ANALYSIS = YES;
				CLANG_WARN_STRICT_PROTOTYPES = YES;
				CLANG_WARN_SUSPICIOUS_MOVE = YES;
				CLANG_WARN_UNGUARDED_AVAILABILITY = YES_AGGRESSIVE;
				CLANG_WARN_UNREACHABLE_CODE = YES;
				CLANG_WARN__DUPLICATE_METHOD_MATCH = YES;
				COPY_PHASE_STRIP = NO;
				DEBUG_INFORMATION_FORMAT = "dwarf-with-dsym";
				ENABLE_NS_ASSERTIONS = NO;
				ENABLE_STRICT_OBJC_MSGSEND = YES;
				GCC_C_LANGUAGE_STANDARD = gnu11;
				GCC_NO_COMMON_BLOCKS = YES;
				GCC_WARN_64_TO_32_BIT_CONVERSION = YES;
				GCC_WARN_ABOUT_RETURN_TYPE = YES_ERROR;
				GCC_WARN_UNDECLARED_SELECTOR = YES;
				GCC_WARN_UNINITIALIZED_AUTOS = YES_AGGRESSIVE;
				GCC_WARN_UNUSED_FUNCTION = YES;
				GCC_WARN_UNUSED_VARIABLE = YES;
				IPHONEOS_DEPLOYMENT_TARGET = 16.0;
				MTL_ENABLE_DEBUG_INFO = NO;
				MTL_FAST_MATH = YES;
				SDKROOT = iphoneos;
				SWIFT_COMPILATION_MODE = wholemodule;
				SWIFT_OPTIMIZATION_LEVEL = "-O";
				VALIDATE_PRODUCT = YES;
			};
			name = Release;
		};
		49E39DBD28EC5E2B00C4C86C /* Debug */ = {
			isa = XCBuildConfiguration;
			buildSettings = {
				ASSETCATALOG_COMPILER_APPICON_NAME = AppIcon;
				ASSETCATALOG_COMPILER_GLOBAL_ACCENT_COLOR_NAME = AccentColor;
				CODE_SIGN_STYLE = Automatic;
				CURRENT_PROJECT_VERSION = 1;
				DEVELOPMENT_TEAM = 6V95RY6DBJ;
				GENERATE_INFOPLIST_FILE = YES;
				INFOPLIST_FILE = "FakeProfile/Supporting Files/Info.plist";
				INFOPLIST_KEY_UIApplicationSupportsIndirectInputEvents = YES;
				INFOPLIST_KEY_UILaunchStoryboardName = LaunchScreen;
				INFOPLIST_KEY_UIMainStoryboardFile = "";
				INFOPLIST_KEY_UISupportedInterfaceOrientations_iPad = "UIInterfaceOrientationPortrait UIInterfaceOrientationPortraitUpsideDown UIInterfaceOrientationLandscapeLeft UIInterfaceOrientationLandscapeRight";
				INFOPLIST_KEY_UISupportedInterfaceOrientations_iPhone = "UIInterfaceOrientationPortrait UIInterfaceOrientationLandscapeLeft UIInterfaceOrientationLandscapeRight";
				LD_RUNPATH_SEARCH_PATHS = (
					"$(inherited)",
					"@executable_path/Frameworks",
				);
				MARKETING_VERSION = 1.0;
				PRODUCT_BUNDLE_IDENTIFIER = info.FakeProfile;
				PRODUCT_NAME = "$(TARGET_NAME)";
				SWIFT_EMIT_LOC_STRINGS = YES;
				SWIFT_VERSION = 5.0;
				TARGETED_DEVICE_FAMILY = "1,2";
			};
			name = Debug;
		};
		49E39DBE28EC5E2B00C4C86C /* Release */ = {
			isa = XCBuildConfiguration;
			buildSettings = {
				ASSETCATALOG_COMPILER_APPICON_NAME = AppIcon;
				ASSETCATALOG_COMPILER_GLOBAL_ACCENT_COLOR_NAME = AccentColor;
				CODE_SIGN_STYLE = Automatic;
				CURRENT_PROJECT_VERSION = 1;
				DEVELOPMENT_TEAM = 6V95RY6DBJ;
				GENERATE_INFOPLIST_FILE = YES;
				INFOPLIST_FILE = "FakeProfile/Supporting Files/Info.plist";
				INFOPLIST_KEY_UIApplicationSupportsIndirectInputEvents = YES;
				INFOPLIST_KEY_UILaunchStoryboardName = LaunchScreen;
				INFOPLIST_KEY_UIMainStoryboardFile = "";
				INFOPLIST_KEY_UISupportedInterfaceOrientations_iPad = "UIInterfaceOrientationPortrait UIInterfaceOrientationPortraitUpsideDown UIInterfaceOrientationLandscapeLeft UIInterfaceOrientationLandscapeRight";
				INFOPLIST_KEY_UISupportedInterfaceOrientations_iPhone = "UIInterfaceOrientationPortrait UIInterfaceOrientationLandscapeLeft UIInterfaceOrientationLandscapeRight";
				LD_RUNPATH_SEARCH_PATHS = (
					"$(inherited)",
					"@executable_path/Frameworks",
				);
				MARKETING_VERSION = 1.0;
				PRODUCT_BUNDLE_IDENTIFIER = info.FakeProfile;
				PRODUCT_NAME = "$(TARGET_NAME)";
				SWIFT_EMIT_LOC_STRINGS = YES;
				SWIFT_VERSION = 5.0;
				TARGETED_DEVICE_FAMILY = "1,2";
			};
			name = Release;
		};
/* End XCBuildConfiguration section */

/* Begin XCConfigurationList section */
		49E39DA328EC5E2A00C4C86C /* Build configuration list for PBXProject "FakeProfile" */ = {
			isa = XCConfigurationList;
			buildConfigurations = (
				49E39DBA28EC5E2B00C4C86C /* Debug */,
				49E39DBB28EC5E2B00C4C86C /* Release */,
			);
			defaultConfigurationIsVisible = 0;
			defaultConfigurationName = Release;
		};
		49E39DBC28EC5E2B00C4C86C /* Build configuration list for PBXNativeTarget "FakeProfile" */ = {
			isa = XCConfigurationList;
			buildConfigurations = (
				49E39DBD28EC5E2B00C4C86C /* Debug */,
				49E39DBE28EC5E2B00C4C86C /* Release */,
			);
			defaultConfigurationIsVisible = 0;
			defaultConfigurationName = Release;
		};
/* End XCConfigurationList section */

/* Begin XCVersionGroup section */
		49E39DD728ECB1AD00C4C86C /* FavoriteProfile.xcdatamodeld */ = {
			isa = XCVersionGroup;
			children = (
				49E39DD828ECB1AD00C4C86C /* FavoriteProfile.xcdatamodel */,
			);
			currentVersion = 49E39DD828ECB1AD00C4C86C /* FavoriteProfile.xcdatamodel */;
			path = FavoriteProfile.xcdatamodeld;
			sourceTree = "<group>";
			versionGroupType = wrapper.xcdatamodel;
		};
/* End XCVersionGroup section */
	};
	rootObject = 49E39DA028EC5E2A00C4C86C /* Project object */;
}
